<?xml version="1.0" encoding="utf-8"?>
<Project ToolsVersion="4.0" xmlns="http://schemas.microsoft.com/developer/msbuild/2003">
  <ItemGroup>
    <Filter Include="Source Files">
      <UniqueIdentifier>{4FC737F1-C7A5-4376-A066-2A32D752A2FF}</UniqueIdentifier>
      <Extensions>cpp;c;cc;cxx;def;odl;idl;hpj;bat;asm;asmx</Extensions>
    </Filter>
    <Filter Include="Header Files">
      <UniqueIdentifier>{93995380-89BD-4b04-88EB-625FBE52EBFB}</UniqueIdentifier>
      <Extensions>h;hh;hpp;hxx;hm;inl;inc;ipp;xsd</Extensions>
    </Filter>
    <Filter Include="Assets">
      <UniqueIdentifier>{ac92b510-3193-4822-b314-17421a067059}</UniqueIdentifier>
    </Filter>
    <Filter Include="Assets\Data">
      <UniqueIdentifier>{72d6c525-7499-431c-8d17-6cf4506d8fc6}</UniqueIdentifier>
    </Filter>
    <Filter Include="Assets\Images">
      <UniqueIdentifier>{cc4ec7fb-b6fe-4d79-b5af-5a64f3ef28ec}</UniqueIdentifier>
    </Filter>
    <Filter Include="Assets\Audio">
      <UniqueIdentifier>{90d4b4b8-521b-4d9f-8a70-e0c364af7886}</UniqueIdentifier>
    </Filter>
    <Filter Include="Commands">
      <UniqueIdentifier>{c169d49f-e7e8-4cad-9dc8-2feba711b845}</UniqueIdentifier>
    </Filter>
    <Filter Include="Components">
      <UniqueIdentifier>{27b78631-a6ff-4b28-a573-9884b9be1bd5}</UniqueIdentifier>
    </Filter>
    <Filter Include="Components\Header Files">
      <UniqueIdentifier>{26f30315-7249-4316-8145-09da9b1a48e5}</UniqueIdentifier>
    </Filter>
    <Filter Include="Components\Source Files">
      <UniqueIdentifier>{33356065-a3ee-4860-8b7d-84ae39c285f8}</UniqueIdentifier>
    </Filter>
    <Filter Include="Commands\Header Files">
      <UniqueIdentifier>{a0fd46f3-9593-4b2f-a1e8-8df6d6ae1766}</UniqueIdentifier>
    </Filter>
    <Filter Include="Commands\Source Files">
      <UniqueIdentifier>{28a1dbe4-b3cd-4d5d-b94f-91c8f606bcb4}</UniqueIdentifier>
    </Filter>
    <Filter Include="Game Objects">
      <UniqueIdentifier>{b1e26caa-5405-41e9-aa01-ab79c1baa5bf}</UniqueIdentifier>
    </Filter>
    <Filter Include="Game Objects\Header Files">
      <UniqueIdentifier>{b4e0bf41-1e6d-4f72-84f4-c0e5eec251d6}</UniqueIdentifier>
    </Filter>
    <Filter Include="Game Objects\Source Files">
      <UniqueIdentifier>{80e51062-fbda-4e06-bd68-e8ef2e607651}</UniqueIdentifier>
    </Filter>
    <Filter Include="Data Loads">
      <UniqueIdentifier>{d0025b26-1b1c-43e3-a511-c61264c03f8b}</UniqueIdentifier>
    </Filter>
    <Filter Include="Data Loads\Header Files">
      <UniqueIdentifier>{7542a90b-300f-4b25-8cf0-1baf94288907}</UniqueIdentifier>
    </Filter>
    <Filter Include="Data Loads\Source Files">
      <UniqueIdentifier>{90d15eab-4ad6-4d8c-95f5-5889e1697866}</UniqueIdentifier>
    </Filter>
    <Filter Include="Colliders">
      <UniqueIdentifier>{56593a19-24a1-4ab6-b2e7-c536a1fb814d}</UniqueIdentifier>
    </Filter>
    <Filter Include="Colliders\Header Files">
      <UniqueIdentifier>{1a88d470-1dd3-4199-abc3-ac98060bf229}</UniqueIdentifier>
    </Filter>
    <Filter Include="Colliders\Source Files">
      <UniqueIdentifier>{6b2f1ad9-15d6-4849-900b-4c3658463e54}</UniqueIdentifier>
    </Filter>
    <Filter Include="Algorithms and Data Structures">
      <UniqueIdentifier>{b17d3c16-ae1d-41a2-9007-be041df1d572}</UniqueIdentifier>
    </Filter>
    <Filter Include="Algorithms and Data Structures\Header Files">
      <UniqueIdentifier>{34adc26c-40cc-4e4d-9bbc-377100a7fcc5}</UniqueIdentifier>
    </Filter>
    <Filter Include="Algorithms and Data Structures\Source Files">
      <UniqueIdentifier>{b72f0a19-4c33-4871-a2f6-0451851a8bbb}</UniqueIdentifier>
    </Filter>
  </ItemGroup>
  <ItemGroup>
    <ClInclude Include="stdafx.h">
      <Filter>Header Files</Filter>
    </ClInclude>
    <ClInclude Include="targetver.h">
      <Filter>Header Files</Filter>
    </ClInclude>
    <ClInclude Include="texture_manager.h">
      <Filter>Header Files</Filter>
    </ClInclude>
    <ClInclude Include="animate.h">
      <Filter>Header Files</Filter>
    </ClInclude>
    <ClInclude Include="keyboard_handler.h">
      <Filter>Header Files</Filter>
    </ClInclude>
    <ClInclude Include="asset_manager.h">
      <Filter>Header Files</Filter>
    </ClInclude>
    <ClInclude Include="game.h">
      <Filter>Header Files</Filter>
    </ClInclude>
    <ClInclude Include="controller.h">
      <Filter>Header Files</Filter>
    </ClInclude>
    <ClInclude Include="ecs.h">
      <Filter>Header Files</Filter>
    </ClInclude>
    <ClInclude Include="command_camera.h">
      <Filter>Commands\Header Files</Filter>
    </ClInclude>
    <ClInclude Include="command_controller_check_action.h">
      <Filter>Commands\Header Files</Filter>
    </ClInclude>
    <ClInclude Include="command_controller_move.h">
      <Filter>Commands\Header Files</Filter>
    </ClInclude>
    <ClInclude Include="command_controller_pause.h">
      <Filter>Commands\Header Files</Filter>
    </ClInclude>
    <ClInclude Include="command_dynamic_render.h">
      <Filter>Commands\Header Files</Filter>
    </ClInclude>
    <ClInclude Include="command_frame_animation.h">
      <Filter>Commands\Header Files</Filter>
    </ClInclude>
    <ClInclude Include="command_movement.h">
      <Filter>Commands\Header Files</Filter>
    </ClInclude>
    <ClInclude Include="command_movement_animation.h">
      <Filter>Commands\Header Files</Filter>
    </ClInclude>
    <ClInclude Include="command.h">
      <Filter>Commands</Filter>
    </ClInclude>
    <ClInclude Include="component_animation.h">
      <Filter>Components\Header Files</Filter>
    </ClInclude>
    <ClInclude Include="component_collision.h">
      <Filter>Components\Header Files</Filter>
    </ClInclude>
    <ClInclude Include="component_movement.h">
      <Filter>Components\Header Files</Filter>
    </ClInclude>
    <ClInclude Include="component_render.h">
      <Filter>Components\Header Files</Filter>
    </ClInclude>
    <ClInclude Include="component_text_box.h">
      <Filter>Components\Header Files</Filter>
    </ClInclude>
    <ClInclude Include="component_transform.h">
      <Filter>Components\Header Files</Filter>
    </ClInclude>
    <ClInclude Include="component_ui_label.h">
      <Filter>Components\Header Files</Filter>
    </ClInclude>
    <ClInclude Include="components.h">
      <Filter>Components</Filter>
    </ClInclude>
    <ClInclude Include="game_object_player.h">
      <Filter>Game Objects\Header Files</Filter>
    </ClInclude>
    <ClInclude Include="game_object_tile_map.h">
      <Filter>Game Objects\Header Files</Filter>
    </ClInclude>
    <ClInclude Include="data_load.h">
      <Filter>Data Loads</Filter>
    </ClInclude>
    <ClInclude Include="data_load_controller.h">
      <Filter>Data Loads\Header Files</Filter>
    </ClInclude>
    <ClInclude Include="data_load_tiles.h">
      <Filter>Data Loads\Header Files</Filter>
    </ClInclude>
    <ClInclude Include="game_object.h">
      <Filter>Game Objects</Filter>
    </ClInclude>
    <ClInclude Include="collider_circle.h">
      <Filter>Colliders\Header Files</Filter>
    </ClInclude>
    <ClInclude Include="collider.h">
      <Filter>Colliders</Filter>
    </ClInclude>
    <ClInclude Include="game_object_collision_map.h">
      <Filter>Game Objects\Header Files</Filter>
    </ClInclude>
    <ClInclude Include="command_check_collision.h">
      <Filter>Commands\Header Files</Filter>
    </ClInclude>
    <ClInclude Include="collision_world.h">
      <Filter>Colliders</Filter>
    </ClInclude>
    <ClInclude Include="unruly.h">
      <Filter>Algorithms and Data Structures\Header Files</Filter>
    </ClInclude>
    <ClInclude Include="sorting.h">
      <Filter>Algorithms and Data Structures\Header Files</Filter>
    </ClInclude>
    <ClInclude Include="quad_tree.h">
      <Filter>Algorithms and Data Structures\Header Files</Filter>
    </ClInclude>
    <ClInclude Include="Support.h">
      <Filter>Header Files</Filter>
    </ClInclude>
    <ClInclude Include="collider_polygon.h">
      <Filter>Colliders\Header Files</Filter>
    </ClInclude>
    <ClInclude Include="command_static_render.h">
      <Filter>Commands\Source Files</Filter>
    </ClInclude>
  </ItemGroup>
  <ItemGroup>
    <ClCompile Include="stdafx.cpp">
      <Filter>Source Files</Filter>
    </ClCompile>
    <ClCompile Include="texture_manager.cpp">
      <Filter>Source Files</Filter>
    </ClCompile>
    <ClCompile Include="asset_manager.cpp">
      <Filter>Source Files</Filter>
    </ClCompile>
    <ClCompile Include="intelligence_quest.cpp">
      <Filter>Source Files</Filter>
    </ClCompile>
    <ClCompile Include="game.cpp">
      <Filter>Source Files</Filter>
    </ClCompile>
    <ClCompile Include="controller.cpp">
      <Filter>Source Files</Filter>
    </ClCompile>
    <ClCompile Include="ecs.cpp">
      <Filter>Source Files</Filter>
    </ClCompile>
    <ClCompile Include="command_camera.cpp">
      <Filter>Commands\Source Files</Filter>
    </ClCompile>
    <ClCompile Include="command_controller_check_action.cpp">
      <Filter>Commands\Source Files</Filter>
    </ClCompile>
    <ClCompile Include="command_controller_move.cpp">
      <Filter>Commands\Source Files</Filter>
    </ClCompile>
    <ClCompile Include="command_controller_pause.cpp">
      <Filter>Commands\Source Files</Filter>
    </ClCompile>
    <ClCompile Include="command_dynamic_render.cpp">
      <Filter>Commands\Source Files</Filter>
    </ClCompile>
    <ClCompile Include="command_frame_animation.cpp">
      <Filter>Commands\Source Files</Filter>
    </ClCompile>
    <ClCompile Include="command_movement.cpp">
      <Filter>Commands\Source Files</Filter>
    </ClCompile>
    <ClCompile Include="command_movement_animation.cpp">
      <Filter>Commands\Source Files</Filter>
    </ClCompile>
    <ClCompile Include="command_static_render.cpp">
      <Filter>Commands\Source Files</Filter>
    </ClCompile>
    <ClCompile Include="component_ui_label.cpp">
      <Filter>Components\Source Files</Filter>
    </ClCompile>
    <ClCompile Include="component_transform.cpp">
      <Filter>Components\Source Files</Filter>
    </ClCompile>
    <ClCompile Include="component_text_box.cpp">
      <Filter>Components\Source Files</Filter>
    </ClCompile>
    <ClCompile Include="component_render.cpp">
      <Filter>Components\Source Files</Filter>
    </ClCompile>
    <ClCompile Include="component_movement.cpp">
      <Filter>Components\Source Files</Filter>
    </ClCompile>
    <ClCompile Include="component_animation.cpp">
      <Filter>Components\Source Files</Filter>
    </ClCompile>
    <ClCompile Include="game_object_player.cpp">
      <Filter>Game Objects\Source Files</Filter>
    </ClCompile>
    <ClCompile Include="game_object_tile_map.cpp">
      <Filter>Game Objects\Source Files</Filter>
    </ClCompile>
    <ClCompile Include="data_load_controller.cpp">
      <Filter>Data Loads\Source Files</Filter>
    </ClCompile>
    <ClCompile Include="data_load_tiles.cpp">
      <Filter>Data Loads\Source Files</Filter>
    </ClCompile>
    <ClCompile Include="game_object.cpp">
      <Filter>Game Objects</Filter>
    </ClCompile>
    <ClCompile Include="collider_circle.cpp">
      <Filter>Colliders\Source Files</Filter>
    </ClCompile>
    <ClCompile Include="game_object_collision_map.cpp">
      <Filter>Game Objects\Source Files</Filter>
    </ClCompile>
    <ClCompile Include="command_check_collision.cpp">
      <Filter>Commands\Source Files</Filter>
    </ClCompile>
    <ClCompile Include="collision_world.cpp">
      <Filter>Colliders</Filter>
    </ClCompile>
    <ClCompile Include="quad_tree.cpp">
      <Filter>Algorithms and Data Structures\Source Files</Filter>
    </ClCompile>
    <ClCompile Include="collider_polygon.cpp">
      <Filter>Colliders\Source Files</Filter>
    </ClCompile>
    <ClCompile Include="collider.cpp">
      <Filter>Colliders</Filter>
    </ClCompile>
    <ClCompile Include="component_collision.cpp">
      <Filter>Source Files</Filter>
    </ClCompile>
  </ItemGroup>
  <ItemGroup>
    <Xml Include="assets\data\contexts.xml">
      <Filter>Assets\Data</Filter>
    </Xml>
    <Xml Include="assets\data\controller.xml">
      <Filter>Assets\Data</Filter>
    </Xml>
    <Xml Include="assets\data\testMap.xml">
      <Filter>Assets\Data</Filter>
    </Xml>
    <Xml Include="assets\data\test_map2.xml">
      <Filter>Assets\Data</Filter>
    </Xml>
  </ItemGroup>
  <ItemGroup>
    <None Include="assets\data\iq_map_test.map">
      <Filter>Assets\Data</Filter>
    </None>
    <None Include="assets\data\text.frag">
      <Filter>Assets\Data</Filter>
    </None>
    <None Include="assets\data\text.vs">
      <Filter>Assets\Data</Filter>
    </None>
  </ItemGroup>
  <ItemGroup>
    <Image Include="assets\images\ColTex.png">
      <Filter>Assets\Images</Filter>
    </Image>
    <Image Include="assets\images\dad_full_128x64.png">
      <Filter>Assets\Images</Filter>
    </Image>
    <Image Include="assets\images\fight.png">
      <Filter>Assets\Images</Filter>
    </Image>
    <Image Include="assets\images\flesh_child_full.png">
      <Filter>Assets\Images</Filter>
    </Image>
    <Image Include="assets\images\Flesh_Child_single.png">
      <Filter>Assets\Images</Filter>
    </Image>
    <Image Include="assets\images\IQ_tile_set.png">
      <Filter>Assets\Images</Filter>
    </Image>
    <Image Include="assets\images\rock.png">
      <Filter>Assets\Images</Filter>
    </Image>
    <Image Include="assets\images\textbox.png">
      <Filter>Assets\Images</Filter>
    </Image>
    <Image Include="assets\images\tile_set_2.png">
      <Filter>Assets\Images</Filter>
    </Image>
    <Image Include="assets\images\weak_father_full_128x64.png">
      <Filter>Assets\Images</Filter>
    </Image>
  </ItemGroup>
  <ItemGroup>
    <Text Include="assets\data\CollisionMap.txt">
      <Filter>Assets\Data</Filter>
    </Text>
  </ItemGroup>
  <ItemGroup>
    <Media Include="assets\audio\daddysgroove.mp3">
      <Filter>Assets\Audio</Filter>
    </Media>
  </ItemGroup>
</Project>